// !$*UTF8*$!
{
	archiveVersion = 1;
	classes = {
	};
	objectVersion = 46;
	objects = {

/* Begin PBXBuildFile section */
		109DE5CA1974ADC7003AA60C /* NAVRouteTest.m in Sources */ = {isa = PBXBuildFile; fileRef = 109DE5C91974ADC7003AA60C /* NAVRouteTest.m */; };
		109DE5CC1974B1A4003AA60C /* NAVRouterTests.m in Sources */ = {isa = PBXBuildFile; fileRef = 109DE5CB1974B1A4003AA60C /* NAVRouterTests.m */; };
		109DE5D21974B8CA003AA60C /* NAVAttributes.m in Sources */ = {isa = PBXBuildFile; fileRef = 109DE5D11974B8CA003AA60C /* NAVAttributes.m */; };
		109DE5D51974BACB003AA60C /* NSError+NAVRouter.m in Sources */ = {isa = PBXBuildFile; fileRef = 109DE5D41974BACB003AA60C /* NSError+NAVRouter.m */; };
		109DE5DB1979E689003AA60C /* NAVURLParser.m in Sources */ = {isa = PBXBuildFile; fileRef = 109DE5DA1979E689003AA60C /* NAVURLParser.m */; };
		109DE5DE1979F73F003AA60C /* NAVURLParserTests.m in Sources */ = {isa = PBXBuildFile; fileRef = 109DE5DD1979F73F003AA60C /* NAVURLParserTests.m */; };
		109DE5E01979FFDD003AA60C /* NAVURLTests.m in Sources */ = {isa = PBXBuildFile; fileRef = 109DE5DF1979FFDD003AA60C /* NAVURLTests.m */; };
		109DE5E3197A1053003AA60C /* NAVTest.m in Sources */ = {isa = PBXBuildFile; fileRef = 109DE5E2197A1053003AA60C /* NAVTest.m */; };
		109DE5E7197A1717003AA60C /* YOLT.m in Sources */ = {isa = PBXBuildFile; fileRef = 109DE5E6197A1717003AA60C /* YOLT.m */; };
		109DE5EA197C2AD9003AA60C /* NAVURLTransitionComponents.m in Sources */ = {isa = PBXBuildFile; fileRef = 109DE5E9197C2AD9003AA60C /* NAVURLTransitionComponents.m */; };
		109DE5F3197C8AC0003AA60C /* NAVURLElement.m in Sources */ = {isa = PBXBuildFile; fileRef = 109DE5F2197C8AC0003AA60C /* NAVURLElement.m */; };
		109DE5F6197E2B90003AA60C /* NSURL+NAVRouter.m in Sources */ = {isa = PBXBuildFile; fileRef = 109DE5F5197E2B90003AA60C /* NSURL+NAVRouter.m */; };
		109DE5F9197E3232003AA60C /* NAVAnimatorModal.m in Sources */ = {isa = PBXBuildFile; fileRef = 109DE5F8197E3232003AA60C /* NAVAnimatorModal.m */; };
		54E3912251CB4E1388B41523 /* libPods-Tests.a in Frameworks */ = {isa = PBXBuildFile; fileRef = 9C6A02FB0BDB42EDBCF8AAD2 /* libPods-Tests.a */; };
		755644A69AB449B9872FEC1F /* libPods.a in Frameworks */ = {isa = PBXBuildFile; fileRef = 2B706B74DA4549B2B09B0A21 /* libPods.a */; };
		FB7E24801975D0BC00D63A7E /* NAVTransaction.m in Sources */ = {isa = PBXBuildFile; fileRef = FB7E247F1975D0BC00D63A7E /* NAVTransaction.m */; };
		FB7E24861978697B00D63A7E /* NAVUpdate.m in Sources */ = {isa = PBXBuildFile; fileRef = FB7E24851978697B00D63A7E /* NAVUpdate.m */; };
		FB7E248A19786B6600D63A7E /* NAVAnimator.m in Sources */ = {isa = PBXBuildFile; fileRef = FB7E248919786B6600D63A7E /* NAVAnimator.m */; };
		FB7E24961978776E00D63A7E /* NAVURLParameter.m in Sources */ = {isa = PBXBuildFile; fileRef = FB7E24951978776E00D63A7E /* NAVURLParameter.m */; };
		FB7E249B1979932E00D63A7E /* NAVURL.m in Sources */ = {isa = PBXBuildFile; fileRef = FB7E249A1979932E00D63A7E /* NAVURL.m */; };
		FB7E249E197995A000D63A7E /* NAVURLComponent.m in Sources */ = {isa = PBXBuildFile; fileRef = FB7E249D197995A000D63A7E /* NAVURLComponent.m */; };
		FB7E24AA197D6CE800D63A7E /* NAVUpdateStack.m in Sources */ = {isa = PBXBuildFile; fileRef = FB7E24A9197D6CE800D63A7E /* NAVUpdateStack.m */; };
		FB7E24AD197D6CF400D63A7E /* NAVUpdateAnimation.m in Sources */ = {isa = PBXBuildFile; fileRef = FB7E24AC197D6CF400D63A7E /* NAVUpdateAnimation.m */; };
		FB7E24B0197D6ED800D63A7E /* NAVUpdateBuilder.m in Sources */ = {isa = PBXBuildFile; fileRef = FB7E24AF197D6ED800D63A7E /* NAVUpdateBuilder.m */; };
		FB7E24B3197D92CE00D63A7E /* NAVDemoNavigationController.m in Sources */ = {isa = PBXBuildFile; fileRef = FB7E24B2197D92CE00D63A7E /* NAVDemoNavigationController.m */; };
		FB7E24B6197D96D800D63A7E /* NAVRouterNavigationControllerUpdater.m in Sources */ = {isa = PBXBuildFile; fileRef = FB7E24B5197D96D800D63A7E /* NAVRouterNavigationControllerUpdater.m */; };
		FB7E24B9197D9A1D00D63A7E /* NAVRouterStoryboardFactory.m in Sources */ = {isa = PBXBuildFile; fileRef = FB7E24B8197D9A1D00D63A7E /* NAVRouterStoryboardFactory.m */; };
		FB7E24BC197DAC6900D63A7E /* NAVAttributesBuilder.m in Sources */ = {isa = PBXBuildFile; fileRef = FB7E24BB197DAC6900D63A7E /* NAVAttributesBuilder.m */; };
		FB7E258B197EEB5100D63A7E /* LICENSE in Resources */ = {isa = PBXBuildFile; fileRef = FB7E2556197EEB5000D63A7E /* LICENSE */; };
		FB7E258C197EEB5100D63A7E /* NSArray+all.m in Sources */ = {isa = PBXBuildFile; fileRef = FB7E2557197EEB5000D63A7E /* NSArray+all.m */; };
		FB7E258D197EEB5100D63A7E /* NSArray+any.m in Sources */ = {isa = PBXBuildFile; fileRef = FB7E2558197EEB5000D63A7E /* NSArray+any.m */; };
		FB7E258E197EEB5100D63A7E /* NSArray+chunk.m in Sources */ = {isa = PBXBuildFile; fileRef = FB7E2559197EEB5000D63A7E /* NSArray+chunk.m */; };
		FB7E258F197EEB5100D63A7E /* NSArray+concat.m in Sources */ = {isa = PBXBuildFile; fileRef = FB7E255A197EEB5000D63A7E /* NSArray+concat.m */; };
		FB7E2590197EEB5100D63A7E /* NSArray+dict.m in Sources */ = {isa = PBXBuildFile; fileRef = FB7E255B197EEB5000D63A7E /* NSArray+dict.m */; };
		FB7E2591197EEB5100D63A7E /* NSArray+each.m in Sources */ = {isa = PBXBuildFile; fileRef = FB7E255C197EEB5000D63A7E /* NSArray+each.m */; };
		FB7E2592197EEB5100D63A7E /* NSArray+find.m in Sources */ = {isa = PBXBuildFile; fileRef = FB7E255D197EEB5000D63A7E /* NSArray+find.m */; };
		FB7E2593197EEB5100D63A7E /* NSArray+first.m in Sources */ = {isa = PBXBuildFile; fileRef = FB7E255E197EEB5000D63A7E /* NSArray+first.m */; };
		FB7E2594197EEB5100D63A7E /* NSArray+flatMap.m in Sources */ = {isa = PBXBuildFile; fileRef = FB7E255F197EEB5000D63A7E /* NSArray+flatMap.m */; };
		FB7E2595197EEB5100D63A7E /* NSArray+flatten.m in Sources */ = {isa = PBXBuildFile; fileRef = FB7E2560197EEB5000D63A7E /* NSArray+flatten.m */; };
		FB7E2596197EEB5100D63A7E /* NSArray+groupBy.m in Sources */ = {isa = PBXBuildFile; fileRef = FB7E2561197EEB5000D63A7E /* NSArray+groupBy.m */; };
		FB7E2597197EEB5100D63A7E /* NSArray+has.m in Sources */ = {isa = PBXBuildFile; fileRef = FB7E2562197EEB5000D63A7E /* NSArray+has.m */; };
		FB7E2598197EEB5100D63A7E /* NSArray+indexOf.m in Sources */ = {isa = PBXBuildFile; fileRef = FB7E2563197EEB5000D63A7E /* NSArray+indexOf.m */; };
		FB7E2599197EEB5100D63A7E /* NSArray+inject.m in Sources */ = {isa = PBXBuildFile; fileRef = FB7E2564197EEB5000D63A7E /* NSArray+inject.m */; };
		FB7E259A197EEB5100D63A7E /* NSArray+join.m in Sources */ = {isa = PBXBuildFile; fileRef = FB7E2565197EEB5000D63A7E /* NSArray+join.m */; };
		FB7E259B197EEB5100D63A7E /* NSArray+last.m in Sources */ = {isa = PBXBuildFile; fileRef = FB7E2566197EEB5000D63A7E /* NSArray+last.m */; };
		FB7E259C197EEB5100D63A7E /* NSArray+map.m in Sources */ = {isa = PBXBuildFile; fileRef = FB7E2567197EEB5000D63A7E /* NSArray+map.m */; };
		FB7E259D197EEB5100D63A7E /* NSArray+max.m in Sources */ = {isa = PBXBuildFile; fileRef = FB7E2568197EEB5000D63A7E /* NSArray+max.m */; };
		FB7E259E197EEB5100D63A7E /* NSArray+min.m in Sources */ = {isa = PBXBuildFile; fileRef = FB7E2569197EEB5000D63A7E /* NSArray+min.m */; };
		FB7E259F197EEB5100D63A7E /* NSArray+none.m in Sources */ = {isa = PBXBuildFile; fileRef = FB7E256A197EEB5000D63A7E /* NSArray+none.m */; };
		FB7E25A0197EEB5100D63A7E /* NSArray+partition.m in Sources */ = {isa = PBXBuildFile; fileRef = FB7E256B197EEB5000D63A7E /* NSArray+partition.m */; };
		FB7E25A1197EEB5100D63A7E /* NSArray+pluck.m in Sources */ = {isa = PBXBuildFile; fileRef = FB7E256C197EEB5000D63A7E /* NSArray+pluck.m */; };
		FB7E25A2197EEB5100D63A7E /* NSArray+pmap.m in Sources */ = {isa = PBXBuildFile; fileRef = FB7E256D197EEB5000D63A7E /* NSArray+pmap.m */; };
		FB7E25A3197EEB5100D63A7E /* NSArray+reduce.m in Sources */ = {isa = PBXBuildFile; fileRef = FB7E256E197EEB5000D63A7E /* NSArray+reduce.m */; };
		FB7E25A4197EEB5100D63A7E /* NSArray+reverse.m in Sources */ = {isa = PBXBuildFile; fileRef = FB7E256F197EEB5000D63A7E /* NSArray+reverse.m */; };
		FB7E25A5197EEB5100D63A7E /* NSArray+rotate.m in Sources */ = {isa = PBXBuildFile; fileRef = FB7E2570197EEB5000D63A7E /* NSArray+rotate.m */; };
		FB7E25A6197EEB5100D63A7E /* NSArray+sample.m in Sources */ = {isa = PBXBuildFile; fileRef = FB7E2571197EEB5000D63A7E /* NSArray+sample.m */; };
		FB7E25A7197EEB5100D63A7E /* NSArray+select.m in Sources */ = {isa = PBXBuildFile; fileRef = FB7E2572197EEB5000D63A7E /* NSArray+select.m */; };
		FB7E25A8197EEB5100D63A7E /* NSArray+shuffle.m in Sources */ = {isa = PBXBuildFile; fileRef = FB7E2573197EEB5000D63A7E /* NSArray+shuffle.m */; };
		FB7E25A9197EEB5100D63A7E /* NSArray+skip.m in Sources */ = {isa = PBXBuildFile; fileRef = FB7E2574197EEB5000D63A7E /* NSArray+skip.m */; };
		FB7E25AA197EEB5100D63A7E /* NSArray+slice.m in Sources */ = {isa = PBXBuildFile; fileRef = FB7E2575197EEB5000D63A7E /* NSArray+slice.m */; };
		FB7E25AB197EEB5100D63A7E /* NSArray+snip.m in Sources */ = {isa = PBXBuildFile; fileRef = FB7E2576197EEB5000D63A7E /* NSArray+snip.m */; };
		FB7E25AC197EEB5100D63A7E /* NSArray+sort.m in Sources */ = {isa = PBXBuildFile; fileRef = FB7E2577197EEB5000D63A7E /* NSArray+sort.m */; };
		FB7E25AD197EEB5100D63A7E /* NSArray+transpose.m in Sources */ = {isa = PBXBuildFile; fileRef = FB7E2578197EEB5000D63A7E /* NSArray+transpose.m */; };
		FB7E25AE197EEB5100D63A7E /* NSArray+uniq.m in Sources */ = {isa = PBXBuildFile; fileRef = FB7E2579197EEB5000D63A7E /* NSArray+uniq.m */; };
		FB7E25AF197EEB5100D63A7E /* NSArray+without.m in Sources */ = {isa = PBXBuildFile; fileRef = FB7E257A197EEB5000D63A7E /* NSArray+without.m */; };
		FB7E25B0197EEB5100D63A7E /* NSDictionary+array.m in Sources */ = {isa = PBXBuildFile; fileRef = FB7E257B197EEB5000D63A7E /* NSDictionary+array.m */; };
		FB7E25B1197EEB5100D63A7E /* NSDictionary+extend.m in Sources */ = {isa = PBXBuildFile; fileRef = FB7E257C197EEB5000D63A7E /* NSDictionary+extend.m */; };
		FB7E25B2197EEB5100D63A7E /* NSDictionary+get.m in Sources */ = {isa = PBXBuildFile; fileRef = FB7E257D197EEB5100D63A7E /* NSDictionary+get.m */; };
		FB7E25B3197EEB5100D63A7E /* NSDictionary+map.m in Sources */ = {isa = PBXBuildFile; fileRef = FB7E257E197EEB5100D63A7E /* NSDictionary+map.m */; };
		FB7E25B4197EEB5100D63A7E /* NSDictionary+pick.m in Sources */ = {isa = PBXBuildFile; fileRef = FB7E257F197EEB5100D63A7E /* NSDictionary+pick.m */; };
		FB7E25B5197EEB5100D63A7E /* NSMutableArray+pop.m in Sources */ = {isa = PBXBuildFile; fileRef = FB7E2580197EEB5100D63A7E /* NSMutableArray+pop.m */; };
		FB7E25B6197EEB5100D63A7E /* NSMutableArray+push.m in Sources */ = {isa = PBXBuildFile; fileRef = FB7E2581197EEB5100D63A7E /* NSMutableArray+push.m */; };
		FB7E25B7197EEB5100D63A7E /* NSMutableArray+shift.m in Sources */ = {isa = PBXBuildFile; fileRef = FB7E2582197EEB5100D63A7E /* NSMutableArray+shift.m */; };
		FB7E25B8197EEB5100D63A7E /* NSMutableArray+unshift.m in Sources */ = {isa = PBXBuildFile; fileRef = FB7E2583197EEB5100D63A7E /* NSMutableArray+unshift.m */; };
		FB7E25B9197EEB5100D63A7E /* NSNumber+upTo.m in Sources */ = {isa = PBXBuildFile; fileRef = FB7E2584197EEB5100D63A7E /* NSNumber+upTo.m */; };
		FB7E25BA197EEB5100D63A7E /* NSSet+each.m in Sources */ = {isa = PBXBuildFile; fileRef = FB7E2585197EEB5100D63A7E /* NSSet+each.m */; };
		FB7E25BB197EEB5100D63A7E /* NSString+split.m in Sources */ = {isa = PBXBuildFile; fileRef = FB7E2586197EEB5100D63A7E /* NSString+split.m */; };
		FB7E25BC197EEB5100D63A7E /* README.markdown in Resources */ = {isa = PBXBuildFile; fileRef = FB7E2587197EEB5100D63A7E /* README.markdown */; };
		FB7E25BD197EEB5100D63A7E /* YOLO.m in Sources */ = {isa = PBXBuildFile; fileRef = FB7E2589197EEB5100D63A7E /* YOLO.m */; };
		FB7E25BE197EEB5100D63A7E /* YOLO.ph in Resources */ = {isa = PBXBuildFile; fileRef = FB7E258A197EEB5100D63A7E /* YOLO.ph */; };
		FBDDB4F6197475260051D149 /* Foundation.framework in Frameworks */ = {isa = PBXBuildFile; fileRef = FBDDB4F5197475260051D149 /* Foundation.framework */; };
		FBDDB4F8197475260051D149 /* CoreGraphics.framework in Frameworks */ = {isa = PBXBuildFile; fileRef = FBDDB4F7197475260051D149 /* CoreGraphics.framework */; };
		FBDDB4FA197475260051D149 /* UIKit.framework in Frameworks */ = {isa = PBXBuildFile; fileRef = FBDDB4F9197475260051D149 /* UIKit.framework */; };
		FBDDB502197475260051D149 /* main.m in Sources */ = {isa = PBXBuildFile; fileRef = FBDDB501197475260051D149 /* main.m */; };
		FBDDB506197475260051D149 /* NAVDemoAppDelegate.m in Sources */ = {isa = PBXBuildFile; fileRef = FBDDB505197475260051D149 /* NAVDemoAppDelegate.m */; };
		FBDDB50F197475260051D149 /* XCTest.framework in Frameworks */ = {isa = PBXBuildFile; fileRef = FBDDB50E197475260051D149 /* XCTest.framework */; };
		FBDDB510197475260051D149 /* Foundation.framework in Frameworks */ = {isa = PBXBuildFile; fileRef = FBDDB4F5197475260051D149 /* Foundation.framework */; };
		FBDDB511197475260051D149 /* UIKit.framework in Frameworks */ = {isa = PBXBuildFile; fileRef = FBDDB4F9197475260051D149 /* UIKit.framework */; };
		FBDDB519197475260051D149 /* InfoPlist.strings in Resources */ = {isa = PBXBuildFile; fileRef = FBDDB517197475260051D149 /* InfoPlist.strings */; };
		FBDDB51B197475260051D149 /* NAVRouteBuilderTests.m in Sources */ = {isa = PBXBuildFile; fileRef = FBDDB51A197475260051D149 /* NAVRouteBuilderTests.m */; };
		FBDDB525197475510051D149 /* NAVDemoStoryboard.storyboard in Resources */ = {isa = PBXBuildFile; fileRef = FBDDB524197475510051D149 /* NAVDemoStoryboard.storyboard */; };
		FBDDB551197477060051D149 /* NAVRouter.m in Sources */ = {isa = PBXBuildFile; fileRef = FBDDB544197477060051D149 /* NAVRouter.m */; };
		FBDDB55F19747FA20051D149 /* NAVRoute.m in Sources */ = {isa = PBXBuildFile; fileRef = FBDDB55E19747FA20051D149 /* NAVRoute.m */; };
		FBDDB562197481080051D149 /* NAVRouteBuilder.m in Sources */ = {isa = PBXBuildFile; fileRef = FBDDB561197481080051D149 /* NAVRouteBuilder.m */; };
/* End PBXBuildFile section */

/* Begin PBXContainerItemProxy section */
		FBDDB512197475260051D149 /* PBXContainerItemProxy */ = {
			isa = PBXContainerItemProxy;
			containerPortal = FBDDB4EA197475260051D149 /* Project object */;
			proxyType = 1;
			remoteGlobalIDString = FBDDB4F1197475260051D149;
			remoteInfo = NavigationRouter;
		};
/* End PBXContainerItemProxy section */

/* Begin PBXFileReference section */
		109DE5C81974A710003AA60C /* Tests-Prefix.pch */ = {isa = PBXFileReference; lastKnownFileType = sourcecode.c.h; path = "Tests-Prefix.pch"; sourceTree = "<group>"; };
		109DE5C91974ADC7003AA60C /* NAVRouteTest.m */ = {isa = PBXFileReference; fileEncoding = 4; lastKnownFileType = sourcecode.c.objc; path = NAVRouteTest.m; sourceTree = "<group>"; };
		109DE5CB1974B1A4003AA60C /* NAVRouterTests.m */ = {isa = PBXFileReference; fileEncoding = 4; lastKnownFileType = sourcecode.c.objc; path = NAVRouterTests.m; sourceTree = "<group>"; };
		109DE5D01974B8CA003AA60C /* NAVAttributes.h */ = {isa = PBXFileReference; fileEncoding = 4; lastKnownFileType = sourcecode.c.h; path = NAVAttributes.h; sourceTree = "<group>"; };
		109DE5D11974B8CA003AA60C /* NAVAttributes.m */ = {isa = PBXFileReference; fileEncoding = 4; lastKnownFileType = sourcecode.c.objc; path = NAVAttributes.m; sourceTree = "<group>"; };
		109DE5D31974BACB003AA60C /* NSError+NAVRouter.h */ = {isa = PBXFileReference; fileEncoding = 4; lastKnownFileType = sourcecode.c.h; path = "NSError+NAVRouter.h"; sourceTree = "<group>"; };
		109DE5D41974BACB003AA60C /* NSError+NAVRouter.m */ = {isa = PBXFileReference; fileEncoding = 4; lastKnownFileType = sourcecode.c.objc; path = "NSError+NAVRouter.m"; sourceTree = "<group>"; };
		109DE5D91979E689003AA60C /* NAVURLParser.h */ = {isa = PBXFileReference; fileEncoding = 4; lastKnownFileType = sourcecode.c.h; path = NAVURLParser.h; sourceTree = "<group>"; };
		109DE5DA1979E689003AA60C /* NAVURLParser.m */ = {isa = PBXFileReference; fileEncoding = 4; lastKnownFileType = sourcecode.c.objc; path = NAVURLParser.m; sourceTree = "<group>"; };
		109DE5DC1979E6DF003AA60C /* NAVRouterParser.h */ = {isa = PBXFileReference; lastKnownFileType = sourcecode.c.h; path = NAVRouterParser.h; sourceTree = "<group>"; };
		109DE5DD1979F73F003AA60C /* NAVURLParserTests.m */ = {isa = PBXFileReference; fileEncoding = 4; lastKnownFileType = sourcecode.c.objc; path = NAVURLParserTests.m; sourceTree = "<group>"; };
		109DE5DF1979FFDD003AA60C /* NAVURLTests.m */ = {isa = PBXFileReference; fileEncoding = 4; lastKnownFileType = sourcecode.c.objc; path = NAVURLTests.m; sourceTree = "<group>"; };
		109DE5E1197A1053003AA60C /* NAVTest.h */ = {isa = PBXFileReference; fileEncoding = 4; lastKnownFileType = sourcecode.c.h; path = NAVTest.h; sourceTree = "<group>"; };
		109DE5E2197A1053003AA60C /* NAVTest.m */ = {isa = PBXFileReference; fileEncoding = 4; lastKnownFileType = sourcecode.c.objc; path = NAVTest.m; sourceTree = "<group>"; };
		109DE5E5197A1717003AA60C /* YOLT.h */ = {isa = PBXFileReference; fileEncoding = 4; lastKnownFileType = sourcecode.c.h; path = YOLT.h; sourceTree = "<group>"; };
		109DE5E6197A1717003AA60C /* YOLT.m */ = {isa = PBXFileReference; fileEncoding = 4; lastKnownFileType = sourcecode.c.objc; path = YOLT.m; sourceTree = "<group>"; };
		109DE5E8197C2AD9003AA60C /* NAVURLTransitionComponents.h */ = {isa = PBXFileReference; fileEncoding = 4; lastKnownFileType = sourcecode.c.h; path = NAVURLTransitionComponents.h; sourceTree = "<group>"; };
		109DE5E9197C2AD9003AA60C /* NAVURLTransitionComponents.m */ = {isa = PBXFileReference; fileEncoding = 4; lastKnownFileType = sourcecode.c.objc; path = NAVURLTransitionComponents.m; sourceTree = "<group>"; };
		109DE5F1197C8AC0003AA60C /* NAVURLElement.h */ = {isa = PBXFileReference; fileEncoding = 4; lastKnownFileType = sourcecode.c.h; path = NAVURLElement.h; sourceTree = "<group>"; };
		109DE5F2197C8AC0003AA60C /* NAVURLElement.m */ = {isa = PBXFileReference; fileEncoding = 4; lastKnownFileType = sourcecode.c.objc; path = NAVURLElement.m; sourceTree = "<group>"; };
		109DE5F4197E2B90003AA60C /* NSURL+NAVRouter.h */ = {isa = PBXFileReference; fileEncoding = 4; lastKnownFileType = sourcecode.c.h; path = "NSURL+NAVRouter.h"; sourceTree = "<group>"; };
		109DE5F5197E2B90003AA60C /* NSURL+NAVRouter.m */ = {isa = PBXFileReference; fileEncoding = 4; lastKnownFileType = sourcecode.c.objc; path = "NSURL+NAVRouter.m"; sourceTree = "<group>"; };
		109DE5F7197E3232003AA60C /* NAVAnimatorModal.h */ = {isa = PBXFileReference; fileEncoding = 4; lastKnownFileType = sourcecode.c.h; path = NAVAnimatorModal.h; sourceTree = "<group>"; };
		109DE5F8197E3232003AA60C /* NAVAnimatorModal.m */ = {isa = PBXFileReference; fileEncoding = 4; lastKnownFileType = sourcecode.c.objc; path = NAVAnimatorModal.m; sourceTree = "<group>"; };
		25EA2A44DC78408AA14C9D79 /* Pods.xcconfig */ = {isa = PBXFileReference; includeInIndex = 1; lastKnownFileType = text.xcconfig; name = Pods.xcconfig; path = Pods/Pods.xcconfig; sourceTree = "<group>"; };
		2B706B74DA4549B2B09B0A21 /* libPods.a */ = {isa = PBXFileReference; explicitFileType = archive.ar; includeInIndex = 0; path = libPods.a; sourceTree = BUILT_PRODUCTS_DIR; };
		860187B03E6942E8B0898748 /* Pods-Test.xcconfig */ = {isa = PBXFileReference; includeInIndex = 1; lastKnownFileType = text.xcconfig; name = "Pods-Test.xcconfig"; path = "Pods/Pods-Test.xcconfig"; sourceTree = "<group>"; };
		9C6A02FB0BDB42EDBCF8AAD2 /* libPods-Tests.a */ = {isa = PBXFileReference; explicitFileType = archive.ar; includeInIndex = 0; path = "libPods-Tests.a"; sourceTree = BUILT_PRODUCTS_DIR; };
		AB5AB71A3B074CA78EA6F54C /* Pods-Tests.xcconfig */ = {isa = PBXFileReference; includeInIndex = 1; lastKnownFileType = text.xcconfig; name = "Pods-Tests.xcconfig"; path = "Pods/Pods-Tests.xcconfig"; sourceTree = "<group>"; };
		FB7E247E1975D0BC00D63A7E /* NAVTransaction.h */ = {isa = PBXFileReference; fileEncoding = 4; lastKnownFileType = sourcecode.c.h; path = NAVTransaction.h; sourceTree = "<group>"; };
		FB7E247F1975D0BC00D63A7E /* NAVTransaction.m */ = {isa = PBXFileReference; fileEncoding = 4; lastKnownFileType = sourcecode.c.objc; path = NAVTransaction.m; sourceTree = "<group>"; };
		FB7E24841978697B00D63A7E /* NAVUpdate.h */ = {isa = PBXFileReference; fileEncoding = 4; lastKnownFileType = sourcecode.c.h; path = NAVUpdate.h; sourceTree = "<group>"; };
		FB7E24851978697B00D63A7E /* NAVUpdate.m */ = {isa = PBXFileReference; fileEncoding = 4; lastKnownFileType = sourcecode.c.objc; path = NAVUpdate.m; sourceTree = "<group>"; };
		FB7E248719786A7500D63A7E /* NAVRouterFactory.h */ = {isa = PBXFileReference; lastKnownFileType = sourcecode.c.h; path = NAVRouterFactory.h; sourceTree = "<group>"; };
		FB7E248819786B6600D63A7E /* NAVAnimator.h */ = {isa = PBXFileReference; fileEncoding = 4; lastKnownFileType = sourcecode.c.h; path = NAVAnimator.h; sourceTree = "<group>"; };
		FB7E248919786B6600D63A7E /* NAVAnimator.m */ = {isa = PBXFileReference; fileEncoding = 4; lastKnownFileType = sourcecode.c.objc; path = NAVAnimator.m; sourceTree = "<group>"; };
		FB7E24941978776E00D63A7E /* NAVURLParameter.h */ = {isa = PBXFileReference; fileEncoding = 4; lastKnownFileType = sourcecode.c.h; path = NAVURLParameter.h; sourceTree = "<group>"; };
		FB7E24951978776E00D63A7E /* NAVURLParameter.m */ = {isa = PBXFileReference; fileEncoding = 4; lastKnownFileType = sourcecode.c.objc; path = NAVURLParameter.m; sourceTree = "<group>"; };
		FB7E24991979932E00D63A7E /* NAVURL.h */ = {isa = PBXFileReference; fileEncoding = 4; lastKnownFileType = sourcecode.c.h; path = NAVURL.h; sourceTree = "<group>"; };
		FB7E249A1979932E00D63A7E /* NAVURL.m */ = {isa = PBXFileReference; fileEncoding = 4; lastKnownFileType = sourcecode.c.objc; path = NAVURL.m; sourceTree = "<group>"; };
		FB7E249C197995A000D63A7E /* NAVURLComponent.h */ = {isa = PBXFileReference; fileEncoding = 4; lastKnownFileType = sourcecode.c.h; path = NAVURLComponent.h; sourceTree = "<group>"; };
		FB7E249D197995A000D63A7E /* NAVURLComponent.m */ = {isa = PBXFileReference; fileEncoding = 4; lastKnownFileType = sourcecode.c.objc; path = NAVURLComponent.m; sourceTree = "<group>"; };
		FB7E24A01979AEA900D63A7E /* NAVRouter_Private.h */ = {isa = PBXFileReference; lastKnownFileType = sourcecode.c.h; path = NAVRouter_Private.h; sourceTree = "<group>"; };
		FB7E24A8197D6CE800D63A7E /* NAVUpdateStack.h */ = {isa = PBXFileReference; fileEncoding = 4; lastKnownFileType = sourcecode.c.h; path = NAVUpdateStack.h; sourceTree = "<group>"; };
		FB7E24A9197D6CE800D63A7E /* NAVUpdateStack.m */ = {isa = PBXFileReference; fileEncoding = 4; lastKnownFileType = sourcecode.c.objc; path = NAVUpdateStack.m; sourceTree = "<group>"; };
		FB7E24AB197D6CF400D63A7E /* NAVUpdateAnimation.h */ = {isa = PBXFileReference; fileEncoding = 4; lastKnownFileType = sourcecode.c.h; path = NAVUpdateAnimation.h; sourceTree = "<group>"; };
		FB7E24AC197D6CF400D63A7E /* NAVUpdateAnimation.m */ = {isa = PBXFileReference; fileEncoding = 4; lastKnownFileType = sourcecode.c.objc; path = NAVUpdateAnimation.m; sourceTree = "<group>"; };
		FB7E24AE197D6ED800D63A7E /* NAVUpdateBuilder.h */ = {isa = PBXFileReference; fileEncoding = 4; lastKnownFileType = sourcecode.c.h; path = NAVUpdateBuilder.h; sourceTree = "<group>"; };
		FB7E24AF197D6ED800D63A7E /* NAVUpdateBuilder.m */ = {isa = PBXFileReference; fileEncoding = 4; lastKnownFileType = sourcecode.c.objc; path = NAVUpdateBuilder.m; sourceTree = "<group>"; };
		FB7E24B1197D92CE00D63A7E /* NAVDemoNavigationController.h */ = {isa = PBXFileReference; fileEncoding = 4; lastKnownFileType = sourcecode.c.h; path = NAVDemoNavigationController.h; sourceTree = "<group>"; };
		FB7E24B2197D92CE00D63A7E /* NAVDemoNavigationController.m */ = {isa = PBXFileReference; fileEncoding = 4; lastKnownFileType = sourcecode.c.objc; path = NAVDemoNavigationController.m; sourceTree = "<group>"; };
		FB7E24B4197D96D800D63A7E /* NAVRouterNavigationControllerUpdater.h */ = {isa = PBXFileReference; fileEncoding = 4; lastKnownFileType = sourcecode.c.h; path = NAVRouterNavigationControllerUpdater.h; sourceTree = "<group>"; };
		FB7E24B5197D96D800D63A7E /* NAVRouterNavigationControllerUpdater.m */ = {isa = PBXFileReference; fileEncoding = 4; lastKnownFileType = sourcecode.c.objc; path = NAVRouterNavigationControllerUpdater.m; sourceTree = "<group>"; };
		FB7E24B7197D9A1D00D63A7E /* NAVRouterStoryboardFactory.h */ = {isa = PBXFileReference; fileEncoding = 4; lastKnownFileType = sourcecode.c.h; path = NAVRouterStoryboardFactory.h; sourceTree = "<group>"; };
		FB7E24B8197D9A1D00D63A7E /* NAVRouterStoryboardFactory.m */ = {isa = PBXFileReference; fileEncoding = 4; lastKnownFileType = sourcecode.c.objc; path = NAVRouterStoryboardFactory.m; sourceTree = "<group>"; };
		FB7E24BA197DAC6900D63A7E /* NAVAttributesBuilder.h */ = {isa = PBXFileReference; fileEncoding = 4; lastKnownFileType = sourcecode.c.h; path = NAVAttributesBuilder.h; sourceTree = "<group>"; };
		FB7E24BB197DAC6900D63A7E /* NAVAttributesBuilder.m */ = {isa = PBXFileReference; fileEncoding = 4; lastKnownFileType = sourcecode.c.objc; path = NAVAttributesBuilder.m; sourceTree = "<group>"; };
		FB7E2554197EC3DA00D63A7E /* NavigationRouter.h */ = {isa = PBXFileReference; lastKnownFileType = sourcecode.c.h; path = NavigationRouter.h; sourceTree = "<group>"; };
		FB7E2556197EEB5000D63A7E /* LICENSE */ = {isa = PBXFileReference; fileEncoding = 4; lastKnownFileType = text; path = LICENSE; sourceTree = "<group>"; };
		FB7E2557197EEB5000D63A7E /* NSArray+all.m */ = {isa = PBXFileReference; fileEncoding = 4; lastKnownFileType = sourcecode.c.objc; path = "NSArray+all.m"; sourceTree = "<group>"; };
		FB7E2558197EEB5000D63A7E /* NSArray+any.m */ = {isa = PBXFileReference; fileEncoding = 4; lastKnownFileType = sourcecode.c.objc; path = "NSArray+any.m"; sourceTree = "<group>"; };
		FB7E2559197EEB5000D63A7E /* NSArray+chunk.m */ = {isa = PBXFileReference; fileEncoding = 4; lastKnownFileType = sourcecode.c.objc; path = "NSArray+chunk.m"; sourceTree = "<group>"; };
		FB7E255A197EEB5000D63A7E /* NSArray+concat.m */ = {isa = PBXFileReference; fileEncoding = 4; lastKnownFileType = sourcecode.c.objc; path = "NSArray+concat.m"; sourceTree = "<group>"; };
		FB7E255B197EEB5000D63A7E /* NSArray+dict.m */ = {isa = PBXFileReference; fileEncoding = 4; lastKnownFileType = sourcecode.c.objc; path = "NSArray+dict.m"; sourceTree = "<group>"; };
		FB7E255C197EEB5000D63A7E /* NSArray+each.m */ = {isa = PBXFileReference; fileEncoding = 4; lastKnownFileType = sourcecode.c.objc; path = "NSArray+each.m"; sourceTree = "<group>"; };
		FB7E255D197EEB5000D63A7E /* NSArray+find.m */ = {isa = PBXFileReference; fileEncoding = 4; lastKnownFileType = sourcecode.c.objc; path = "NSArray+find.m"; sourceTree = "<group>"; };
		FB7E255E197EEB5000D63A7E /* NSArray+first.m */ = {isa = PBXFileReference; fileEncoding = 4; lastKnownFileType = sourcecode.c.objc; path = "NSArray+first.m"; sourceTree = "<group>"; };
		FB7E255F197EEB5000D63A7E /* NSArray+flatMap.m */ = {isa = PBXFileReference; fileEncoding = 4; lastKnownFileType = sourcecode.c.objc; path = "NSArray+flatMap.m"; sourceTree = "<group>"; };
		FB7E2560197EEB5000D63A7E /* NSArray+flatten.m */ = {isa = PBXFileReference; fileEncoding = 4; lastKnownFileType = sourcecode.c.objc; path = "NSArray+flatten.m"; sourceTree = "<group>"; };
		FB7E2561197EEB5000D63A7E /* NSArray+groupBy.m */ = {isa = PBXFileReference; fileEncoding = 4; lastKnownFileType = sourcecode.c.objc; path = "NSArray+groupBy.m"; sourceTree = "<group>"; };
		FB7E2562197EEB5000D63A7E /* NSArray+has.m */ = {isa = PBXFileReference; fileEncoding = 4; lastKnownFileType = sourcecode.c.objc; path = "NSArray+has.m"; sourceTree = "<group>"; };
		FB7E2563197EEB5000D63A7E /* NSArray+indexOf.m */ = {isa = PBXFileReference; fileEncoding = 4; lastKnownFileType = sourcecode.c.objc; path = "NSArray+indexOf.m"; sourceTree = "<group>"; };
		FB7E2564197EEB5000D63A7E /* NSArray+inject.m */ = {isa = PBXFileReference; fileEncoding = 4; lastKnownFileType = sourcecode.c.objc; path = "NSArray+inject.m"; sourceTree = "<group>"; };
		FB7E2565197EEB5000D63A7E /* NSArray+join.m */ = {isa = PBXFileReference; fileEncoding = 4; lastKnownFileType = sourcecode.c.objc; path = "NSArray+join.m"; sourceTree = "<group>"; };
		FB7E2566197EEB5000D63A7E /* NSArray+last.m */ = {isa = PBXFileReference; fileEncoding = 4; lastKnownFileType = sourcecode.c.objc; path = "NSArray+last.m"; sourceTree = "<group>"; };
		FB7E2567197EEB5000D63A7E /* NSArray+map.m */ = {isa = PBXFileReference; fileEncoding = 4; lastKnownFileType = sourcecode.c.objc; path = "NSArray+map.m"; sourceTree = "<group>"; };
		FB7E2568197EEB5000D63A7E /* NSArray+max.m */ = {isa = PBXFileReference; fileEncoding = 4; lastKnownFileType = sourcecode.c.objc; path = "NSArray+max.m"; sourceTree = "<group>"; };
		FB7E2569197EEB5000D63A7E /* NSArray+min.m */ = {isa = PBXFileReference; fileEncoding = 4; lastKnownFileType = sourcecode.c.objc; path = "NSArray+min.m"; sourceTree = "<group>"; };
		FB7E256A197EEB5000D63A7E /* NSArray+none.m */ = {isa = PBXFileReference; fileEncoding = 4; lastKnownFileType = sourcecode.c.objc; path = "NSArray+none.m"; sourceTree = "<group>"; };
		FB7E256B197EEB5000D63A7E /* NSArray+partition.m */ = {isa = PBXFileReference; fileEncoding = 4; lastKnownFileType = sourcecode.c.objc; path = "NSArray+partition.m"; sourceTree = "<group>"; };
		FB7E256C197EEB5000D63A7E /* NSArray+pluck.m */ = {isa = PBXFileReference; fileEncoding = 4; lastKnownFileType = sourcecode.c.objc; path = "NSArray+pluck.m"; sourceTree = "<group>"; };
		FB7E256D197EEB5000D63A7E /* NSArray+pmap.m */ = {isa = PBXFileReference; fileEncoding = 4; lastKnownFileType = sourcecode.c.objc; path = "NSArray+pmap.m"; sourceTree = "<group>"; };
		FB7E256E197EEB5000D63A7E /* NSArray+reduce.m */ = {isa = PBXFileReference; fileEncoding = 4; lastKnownFileType = sourcecode.c.objc; path = "NSArray+reduce.m"; sourceTree = "<group>"; };
		FB7E256F197EEB5000D63A7E /* NSArray+reverse.m */ = {isa = PBXFileReference; fileEncoding = 4; lastKnownFileType = sourcecode.c.objc; path = "NSArray+reverse.m"; sourceTree = "<group>"; };
		FB7E2570197EEB5000D63A7E /* NSArray+rotate.m */ = {isa = PBXFileReference; fileEncoding = 4; lastKnownFileType = sourcecode.c.objc; path = "NSArray+rotate.m"; sourceTree = "<group>"; };
		FB7E2571197EEB5000D63A7E /* NSArray+sample.m */ = {isa = PBXFileReference; fileEncoding = 4; lastKnownFileType = sourcecode.c.objc; path = "NSArray+sample.m"; sourceTree = "<group>"; };
		FB7E2572197EEB5000D63A7E /* NSArray+select.m */ = {isa = PBXFileReference; fileEncoding = 4; lastKnownFileType = sourcecode.c.objc; path = "NSArray+select.m"; sourceTree = "<group>"; };
		FB7E2573197EEB5000D63A7E /* NSArray+shuffle.m */ = {isa = PBXFileReference; fileEncoding = 4; lastKnownFileType = sourcecode.c.objc; path = "NSArray+shuffle.m"; sourceTree = "<group>"; };
		FB7E2574197EEB5000D63A7E /* NSArray+skip.m */ = {isa = PBXFileReference; fileEncoding = 4; lastKnownFileType = sourcecode.c.objc; path = "NSArray+skip.m"; sourceTree = "<group>"; };
		FB7E2575197EEB5000D63A7E /* NSArray+slice.m */ = {isa = PBXFileReference; fileEncoding = 4; lastKnownFileType = sourcecode.c.objc; path = "NSArray+slice.m"; sourceTree = "<group>"; };
		FB7E2576197EEB5000D63A7E /* NSArray+snip.m */ = {isa = PBXFileReference; fileEncoding = 4; lastKnownFileType = sourcecode.c.objc; path = "NSArray+snip.m"; sourceTree = "<group>"; };
		FB7E2577197EEB5000D63A7E /* NSArray+sort.m */ = {isa = PBXFileReference; fileEncoding = 4; lastKnownFileType = sourcecode.c.objc; path = "NSArray+sort.m"; sourceTree = "<group>"; };
		FB7E2578197EEB5000D63A7E /* NSArray+transpose.m */ = {isa = PBXFileReference; fileEncoding = 4; lastKnownFileType = sourcecode.c.objc; path = "NSArray+transpose.m"; sourceTree = "<group>"; };
		FB7E2579197EEB5000D63A7E /* NSArray+uniq.m */ = {isa = PBXFileReference; fileEncoding = 4; lastKnownFileType = sourcecode.c.objc; path = "NSArray+uniq.m"; sourceTree = "<group>"; };
		FB7E257A197EEB5000D63A7E /* NSArray+without.m */ = {isa = PBXFileReference; fileEncoding = 4; lastKnownFileType = sourcecode.c.objc; path = "NSArray+without.m"; sourceTree = "<group>"; };
		FB7E257B197EEB5000D63A7E /* NSDictionary+array.m */ = {isa = PBXFileReference; fileEncoding = 4; lastKnownFileType = sourcecode.c.objc; path = "NSDictionary+array.m"; sourceTree = "<group>"; };
		FB7E257C197EEB5000D63A7E /* NSDictionary+extend.m */ = {isa = PBXFileReference; fileEncoding = 4; lastKnownFileType = sourcecode.c.objc; path = "NSDictionary+extend.m"; sourceTree = "<group>"; };
		FB7E257D197EEB5100D63A7E /* NSDictionary+get.m */ = {isa = PBXFileReference; fileEncoding = 4; lastKnownFileType = sourcecode.c.objc; path = "NSDictionary+get.m"; sourceTree = "<group>"; };
		FB7E257E197EEB5100D63A7E /* NSDictionary+map.m */ = {isa = PBXFileReference; fileEncoding = 4; lastKnownFileType = sourcecode.c.objc; path = "NSDictionary+map.m"; sourceTree = "<group>"; };
		FB7E257F197EEB5100D63A7E /* NSDictionary+pick.m */ = {isa = PBXFileReference; fileEncoding = 4; lastKnownFileType = sourcecode.c.objc; path = "NSDictionary+pick.m"; sourceTree = "<group>"; };
		FB7E2580197EEB5100D63A7E /* NSMutableArray+pop.m */ = {isa = PBXFileReference; fileEncoding = 4; lastKnownFileType = sourcecode.c.objc; path = "NSMutableArray+pop.m"; sourceTree = "<group>"; };
		FB7E2581197EEB5100D63A7E /* NSMutableArray+push.m */ = {isa = PBXFileReference; fileEncoding = 4; lastKnownFileType = sourcecode.c.objc; path = "NSMutableArray+push.m"; sourceTree = "<group>"; };
		FB7E2582197EEB5100D63A7E /* NSMutableArray+shift.m */ = {isa = PBXFileReference; fileEncoding = 4; lastKnownFileType = sourcecode.c.objc; path = "NSMutableArray+shift.m"; sourceTree = "<group>"; };
		FB7E2583197EEB5100D63A7E /* NSMutableArray+unshift.m */ = {isa = PBXFileReference; fileEncoding = 4; lastKnownFileType = sourcecode.c.objc; path = "NSMutableArray+unshift.m"; sourceTree = "<group>"; };
		FB7E2584197EEB5100D63A7E /* NSNumber+upTo.m */ = {isa = PBXFileReference; fileEncoding = 4; lastKnownFileType = sourcecode.c.objc; path = "NSNumber+upTo.m"; sourceTree = "<group>"; };
		FB7E2585197EEB5100D63A7E /* NSSet+each.m */ = {isa = PBXFileReference; fileEncoding = 4; lastKnownFileType = sourcecode.c.objc; path = "NSSet+each.m"; sourceTree = "<group>"; };
		FB7E2586197EEB5100D63A7E /* NSString+split.m */ = {isa = PBXFileReference; fileEncoding = 4; lastKnownFileType = sourcecode.c.objc; path = "NSString+split.m"; sourceTree = "<group>"; };
		FB7E2587197EEB5100D63A7E /* README.markdown */ = {isa = PBXFileReference; fileEncoding = 4; lastKnownFileType = text; path = README.markdown; sourceTree = "<group>"; };
		FB7E2588197EEB5100D63A7E /* YOLO.h */ = {isa = PBXFileReference; fileEncoding = 4; lastKnownFileType = sourcecode.c.h; path = YOLO.h; sourceTree = "<group>"; };
		FB7E2589197EEB5100D63A7E /* YOLO.m */ = {isa = PBXFileReference; fileEncoding = 4; lastKnownFileType = sourcecode.c.objc; path = YOLO.m; sourceTree = "<group>"; };
		FB7E258A197EEB5100D63A7E /* YOLO.ph */ = {isa = PBXFileReference; fileEncoding = 4; lastKnownFileType = text; path = YOLO.ph; sourceTree = "<group>"; };
		FBDDB4F2197475260051D149 /* NavigationRouter.app */ = {isa = PBXFileReference; explicitFileType = wrapper.application; includeInIndex = 0; path = NavigationRouter.app; sourceTree = BUILT_PRODUCTS_DIR; };
		FBDDB4F5197475260051D149 /* Foundation.framework */ = {isa = PBXFileReference; lastKnownFileType = wrapper.framework; name = Foundation.framework; path = System/Library/Frameworks/Foundation.framework; sourceTree = SDKROOT; };
		FBDDB4F7197475260051D149 /* CoreGraphics.framework */ = {isa = PBXFileReference; lastKnownFileType = wrapper.framework; name = CoreGraphics.framework; path = System/Library/Frameworks/CoreGraphics.framework; sourceTree = SDKROOT; };
		FBDDB4F9197475260051D149 /* UIKit.framework */ = {isa = PBXFileReference; lastKnownFileType = wrapper.framework; name = UIKit.framework; path = System/Library/Frameworks/UIKit.framework; sourceTree = SDKROOT; };
		FBDDB4FD197475260051D149 /* NavigationRouter-Info.plist */ = {isa = PBXFileReference; lastKnownFileType = text.plist.xml; path = "NavigationRouter-Info.plist"; sourceTree = "<group>"; };
		FBDDB501197475260051D149 /* main.m */ = {isa = PBXFileReference; lastKnownFileType = sourcecode.c.objc; path = main.m; sourceTree = "<group>"; };
		FBDDB504197475260051D149 /* NAVDemoAppDelegate.h */ = {isa = PBXFileReference; lastKnownFileType = sourcecode.c.h; path = NAVDemoAppDelegate.h; sourceTree = "<group>"; };
		FBDDB505197475260051D149 /* NAVDemoAppDelegate.m */ = {isa = PBXFileReference; lastKnownFileType = sourcecode.c.objc; path = NAVDemoAppDelegate.m; sourceTree = "<group>"; };
		FBDDB50D197475260051D149 /* Tests.xctest */ = {isa = PBXFileReference; explicitFileType = wrapper.cfbundle; includeInIndex = 0; path = Tests.xctest; sourceTree = BUILT_PRODUCTS_DIR; };
		FBDDB50E197475260051D149 /* XCTest.framework */ = {isa = PBXFileReference; lastKnownFileType = wrapper.framework; name = XCTest.framework; path = Library/Frameworks/XCTest.framework; sourceTree = DEVELOPER_DIR; };
		FBDDB516197475260051D149 /* Tests-Info.plist */ = {isa = PBXFileReference; lastKnownFileType = text.plist.xml; path = "Tests-Info.plist"; sourceTree = "<group>"; };
		FBDDB518197475260051D149 /* en */ = {isa = PBXFileReference; lastKnownFileType = text.plist.strings; name = en; path = en.lproj/InfoPlist.strings; sourceTree = "<group>"; };
		FBDDB51A197475260051D149 /* NAVRouteBuilderTests.m */ = {isa = PBXFileReference; lastKnownFileType = sourcecode.c.objc; path = NAVRouteBuilderTests.m; sourceTree = "<group>"; };
		FBDDB524197475510051D149 /* NAVDemoStoryboard.storyboard */ = {isa = PBXFileReference; fileEncoding = 4; lastKnownFileType = file.storyboard; path = NAVDemoStoryboard.storyboard; sourceTree = "<group>"; };
		FBDDB543197477060051D149 /* NAVRouter.h */ = {isa = PBXFileReference; fileEncoding = 4; lastKnownFileType = sourcecode.c.h; path = NAVRouter.h; sourceTree = "<group>"; };
		FBDDB544197477060051D149 /* NAVRouter.m */ = {isa = PBXFileReference; fileEncoding = 4; lastKnownFileType = sourcecode.c.objc; path = NAVRouter.m; sourceTree = "<group>"; };
		FBDDB55A1974777D0051D149 /* NAVRouterDelegate.h */ = {isa = PBXFileReference; lastKnownFileType = sourcecode.c.h; path = NAVRouterDelegate.h; sourceTree = "<group>"; };
		FBDDB55B197479A30051D149 /* NAVRouterUpdater.h */ = {isa = PBXFileReference; lastKnownFileType = sourcecode.c.h; path = NAVRouterUpdater.h; sourceTree = "<group>"; };
		FBDDB55C19747BA90051D149 /* NAVRouterConstants.h */ = {isa = PBXFileReference; lastKnownFileType = sourcecode.c.h; path = NAVRouterConstants.h; sourceTree = "<group>"; };
		FBDDB55D19747FA20051D149 /* NAVRoute.h */ = {isa = PBXFileReference; fileEncoding = 4; lastKnownFileType = sourcecode.c.h; path = NAVRoute.h; sourceTree = "<group>"; };
		FBDDB55E19747FA20051D149 /* NAVRoute.m */ = {isa = PBXFileReference; fileEncoding = 4; lastKnownFileType = sourcecode.c.objc; path = NAVRoute.m; sourceTree = "<group>"; };
		FBDDB560197481080051D149 /* NAVRouteBuilder.h */ = {isa = PBXFileReference; fileEncoding = 4; lastKnownFileType = sourcecode.c.h; path = NAVRouteBuilder.h; sourceTree = "<group>"; };
		FBDDB561197481080051D149 /* NAVRouteBuilder.m */ = {isa = PBXFileReference; fileEncoding = 4; lastKnownFileType = sourcecode.c.objc; path = NAVRouteBuilder.m; sourceTree = "<group>"; };
		FCEE1AC5E15C4FB796E93671 /* libPods-Test.a */ = {isa = PBXFileReference; explicitFileType = archive.ar; includeInIndex = 0; path = "libPods-Test.a"; sourceTree = BUILT_PRODUCTS_DIR; };
/* End PBXFileReference section */

/* Begin PBXFrameworksBuildPhase section */
		FBDDB4EF197475260051D149 /* Frameworks */ = {
			isa = PBXFrameworksBuildPhase;
			buildActionMask = 2147483647;
			files = (
				FBDDB4F8197475260051D149 /* CoreGraphics.framework in Frameworks */,
				FBDDB4FA197475260051D149 /* UIKit.framework in Frameworks */,
				FBDDB4F6197475260051D149 /* Foundation.framework in Frameworks */,
				755644A69AB449B9872FEC1F /* libPods.a in Frameworks */,
			);
			runOnlyForDeploymentPostprocessing = 0;
		};
		FBDDB50A197475260051D149 /* Frameworks */ = {
			isa = PBXFrameworksBuildPhase;
			buildActionMask = 2147483647;
			files = (
				FBDDB50F197475260051D149 /* XCTest.framework in Frameworks */,
				FBDDB511197475260051D149 /* UIKit.framework in Frameworks */,
				FBDDB510197475260051D149 /* Foundation.framework in Frameworks */,
				54E3912251CB4E1388B41523 /* libPods-Tests.a in Frameworks */,
			);
			runOnlyForDeploymentPostprocessing = 0;
		};
/* End PBXFrameworksBuildPhase section */

/* Begin PBXGroup section */
		109DE5E4197A16F8003AA60C /* Extensions */ = {
			isa = PBXGroup;
			children = (
				109DE5E5197A1717003AA60C /* YOLT.h */,
				109DE5E6197A1717003AA60C /* YOLT.m */,
			);
			name = Extensions;
			sourceTree = "<group>";
		};
		FB7E248B19786B7600D63A7E /* Internal */ = {
			isa = PBXGroup;
			children = (
				FB7E247E1975D0BC00D63A7E /* NAVTransaction.h */,
				FB7E247F1975D0BC00D63A7E /* NAVTransaction.m */,
				109DE5D91979E689003AA60C /* NAVURLParser.h */,
				109DE5DA1979E689003AA60C /* NAVURLParser.m */,
				FB7E24AE197D6ED800D63A7E /* NAVUpdateBuilder.h */,
				FB7E24AF197D6ED800D63A7E /* NAVUpdateBuilder.m */,
				FB7E24A8197D6CE800D63A7E /* NAVUpdateStack.h */,
				FB7E24A9197D6CE800D63A7E /* NAVUpdateStack.m */,
				FB7E24AB197D6CF400D63A7E /* NAVUpdateAnimation.h */,
				FB7E24AC197D6CF400D63A7E /* NAVUpdateAnimation.m */,
				109DE5F7197E3232003AA60C /* NAVAnimatorModal.h */,
				109DE5F8197E3232003AA60C /* NAVAnimatorModal.m */,
				109DE5D31974BACB003AA60C /* NSError+NAVRouter.h */,
				109DE5D41974BACB003AA60C /* NSError+NAVRouter.m */,
			);
			name = Internal;
			sourceTree = "<group>";
		};
		FB7E248C19786B8700D63A7E /* Routes */ = {
			isa = PBXGroup;
			children = (
				FBDDB55D19747FA20051D149 /* NAVRoute.h */,
				FBDDB55E19747FA20051D149 /* NAVRoute.m */,
				FBDDB560197481080051D149 /* NAVRouteBuilder.h */,
				FBDDB561197481080051D149 /* NAVRouteBuilder.m */,
			);
			name = Routes;
			sourceTree = "<group>";
		};
		FB7E248D19786B8F00D63A7E /* URLs */ = {
			isa = PBXGroup;
			children = (
				FB7E24991979932E00D63A7E /* NAVURL.h */,
				FB7E249A1979932E00D63A7E /* NAVURL.m */,
				109DE5F1197C8AC0003AA60C /* NAVURLElement.h */,
				109DE5F2197C8AC0003AA60C /* NAVURLElement.m */,
				FB7E249C197995A000D63A7E /* NAVURLComponent.h */,
				FB7E249D197995A000D63A7E /* NAVURLComponent.m */,
				FB7E24941978776E00D63A7E /* NAVURLParameter.h */,
				FB7E24951978776E00D63A7E /* NAVURLParameter.m */,
				109DE5E8197C2AD9003AA60C /* NAVURLTransitionComponents.h */,
				109DE5E9197C2AD9003AA60C /* NAVURLTransitionComponents.m */,
				109DE5F4197E2B90003AA60C /* NSURL+NAVRouter.h */,
				109DE5F5197E2B90003AA60C /* NSURL+NAVRouter.m */,
			);
			name = URLs;
			sourceTree = "<group>";
		};
		FB7E2555197EEB2E00D63A7E /* YOLOKit */ = {
			isa = PBXGroup;
			children = (
				FB7E2556197EEB5000D63A7E /* LICENSE */,
				FB7E2557197EEB5000D63A7E /* NSArray+all.m */,
				FB7E2558197EEB5000D63A7E /* NSArray+any.m */,
				FB7E2559197EEB5000D63A7E /* NSArray+chunk.m */,
				FB7E255A197EEB5000D63A7E /* NSArray+concat.m */,
				FB7E255B197EEB5000D63A7E /* NSArray+dict.m */,
				FB7E255C197EEB5000D63A7E /* NSArray+each.m */,
				FB7E255D197EEB5000D63A7E /* NSArray+find.m */,
				FB7E255E197EEB5000D63A7E /* NSArray+first.m */,
				FB7E255F197EEB5000D63A7E /* NSArray+flatMap.m */,
				FB7E2560197EEB5000D63A7E /* NSArray+flatten.m */,
				FB7E2561197EEB5000D63A7E /* NSArray+groupBy.m */,
				FB7E2562197EEB5000D63A7E /* NSArray+has.m */,
				FB7E2563197EEB5000D63A7E /* NSArray+indexOf.m */,
				FB7E2564197EEB5000D63A7E /* NSArray+inject.m */,
				FB7E2565197EEB5000D63A7E /* NSArray+join.m */,
				FB7E2566197EEB5000D63A7E /* NSArray+last.m */,
				FB7E2567197EEB5000D63A7E /* NSArray+map.m */,
				FB7E2568197EEB5000D63A7E /* NSArray+max.m */,
				FB7E2569197EEB5000D63A7E /* NSArray+min.m */,
				FB7E256A197EEB5000D63A7E /* NSArray+none.m */,
				FB7E256B197EEB5000D63A7E /* NSArray+partition.m */,
				FB7E256C197EEB5000D63A7E /* NSArray+pluck.m */,
				FB7E256D197EEB5000D63A7E /* NSArray+pmap.m */,
				FB7E256E197EEB5000D63A7E /* NSArray+reduce.m */,
				FB7E256F197EEB5000D63A7E /* NSArray+reverse.m */,
				FB7E2570197EEB5000D63A7E /* NSArray+rotate.m */,
				FB7E2571197EEB5000D63A7E /* NSArray+sample.m */,
				FB7E2572197EEB5000D63A7E /* NSArray+select.m */,
				FB7E2573197EEB5000D63A7E /* NSArray+shuffle.m */,
				FB7E2574197EEB5000D63A7E /* NSArray+skip.m */,
				FB7E2575197EEB5000D63A7E /* NSArray+slice.m */,
				FB7E2576197EEB5000D63A7E /* NSArray+snip.m */,
				FB7E2577197EEB5000D63A7E /* NSArray+sort.m */,
				FB7E2578197EEB5000D63A7E /* NSArray+transpose.m */,
				FB7E2579197EEB5000D63A7E /* NSArray+uniq.m */,
				FB7E257A197EEB5000D63A7E /* NSArray+without.m */,
				FB7E257B197EEB5000D63A7E /* NSDictionary+array.m */,
				FB7E257C197EEB5000D63A7E /* NSDictionary+extend.m */,
				FB7E257D197EEB5100D63A7E /* NSDictionary+get.m */,
				FB7E257E197EEB5100D63A7E /* NSDictionary+map.m */,
				FB7E257F197EEB5100D63A7E /* NSDictionary+pick.m */,
				FB7E2580197EEB5100D63A7E /* NSMutableArray+pop.m */,
				FB7E2581197EEB5100D63A7E /* NSMutableArray+push.m */,
				FB7E2582197EEB5100D63A7E /* NSMutableArray+shift.m */,
				FB7E2583197EEB5100D63A7E /* NSMutableArray+unshift.m */,
				FB7E2584197EEB5100D63A7E /* NSNumber+upTo.m */,
				FB7E2585197EEB5100D63A7E /* NSSet+each.m */,
				FB7E2586197EEB5100D63A7E /* NSString+split.m */,
				FB7E2587197EEB5100D63A7E /* README.markdown */,
				FB7E2588197EEB5100D63A7E /* YOLO.h */,
				FB7E2589197EEB5100D63A7E /* YOLO.m */,
				FB7E258A197EEB5100D63A7E /* YOLO.ph */,
			);
			path = YOLOKit;
			sourceTree = "<group>";
		};
		FBDDB4E9197475260051D149 = {
			isa = PBXGroup;
			children = (
				FBDDB4FB197475260051D149 /* NavigationRouter */,
				FBDDB514197475260051D149 /* Tests */,
				FBDDB4F4197475260051D149 /* Frameworks */,
				FBDDB4F3197475260051D149 /* Products */,
				860187B03E6942E8B0898748 /* Pods-Test.xcconfig */,
				AB5AB71A3B074CA78EA6F54C /* Pods-Tests.xcconfig */,
				25EA2A44DC78408AA14C9D79 /* Pods.xcconfig */,
			);
			sourceTree = "<group>";
		};
		FBDDB4F3197475260051D149 /* Products */ = {
			isa = PBXGroup;
			children = (
				FBDDB4F2197475260051D149 /* NavigationRouter.app */,
				FBDDB50D197475260051D149 /* Tests.xctest */,
			);
			name = Products;
			sourceTree = "<group>";
		};
		FBDDB4F4197475260051D149 /* Frameworks */ = {
			isa = PBXGroup;
			children = (
				FBDDB4F5197475260051D149 /* Foundation.framework */,
				FBDDB4F7197475260051D149 /* CoreGraphics.framework */,
				FBDDB4F9197475260051D149 /* UIKit.framework */,
				FBDDB50E197475260051D149 /* XCTest.framework */,
				FCEE1AC5E15C4FB796E93671 /* libPods-Test.a */,
				9C6A02FB0BDB42EDBCF8AAD2 /* libPods-Tests.a */,
				2B706B74DA4549B2B09B0A21 /* libPods.a */,
			);
			name = Frameworks;
			sourceTree = "<group>";
		};
		FBDDB4FB197475260051D149 /* NavigationRouter */ = {
			isa = PBXGroup;
			children = (
				FB7E2554197EC3DA00D63A7E /* NavigationRouter.h */,
				FBDDB543197477060051D149 /* NAVRouter.h */,
				FBDDB544197477060051D149 /* NAVRouter.m */,
				FB7E24A01979AEA900D63A7E /* NAVRouter_Private.h */,
				FBDDB55A1974777D0051D149 /* NAVRouterDelegate.h */,
				FB7E248719786A7500D63A7E /* NAVRouterFactory.h */,
				109DE5DC1979E6DF003AA60C /* NAVRouterParser.h */,
				FBDDB55B197479A30051D149 /* NAVRouterUpdater.h */,
				109DE5D01974B8CA003AA60C /* NAVAttributes.h */,
				109DE5D11974B8CA003AA60C /* NAVAttributes.m */,
				FB7E24BA197DAC6900D63A7E /* NAVAttributesBuilder.h */,
				FB7E24BB197DAC6900D63A7E /* NAVAttributesBuilder.m */,
				FB7E24841978697B00D63A7E /* NAVUpdate.h */,
				FB7E24851978697B00D63A7E /* NAVUpdate.m */,
				FB7E248819786B6600D63A7E /* NAVAnimator.h */,
				FB7E248919786B6600D63A7E /* NAVAnimator.m */,
				FBDDB55C19747BA90051D149 /* NAVRouterConstants.h */,
				FB7E24B4197D96D800D63A7E /* NAVRouterNavigationControllerUpdater.h */,
				FB7E24B5197D96D800D63A7E /* NAVRouterNavigationControllerUpdater.m */,
				FB7E248B19786B7600D63A7E /* Internal */,
				FB7E248C19786B8700D63A7E /* Routes */,
				FB7E248D19786B8F00D63A7E /* URLs */,
				FB7E2555197EEB2E00D63A7E /* YOLOKit */,
				109DE5E4197A16F8003AA60C /* Extensions */,
				FBDDB5261974756F0051D149 /* Demo */,
			);
			path = NavigationRouter;
			sourceTree = "<group>";
		};
		FBDDB514197475260051D149 /* Tests */ = {
			isa = PBXGroup;
			children = (
				109DE5E1197A1053003AA60C /* NAVTest.h */,
				109DE5E2197A1053003AA60C /* NAVTest.m */,
				109DE5CB1974B1A4003AA60C /* NAVRouterTests.m */,
				109DE5C91974ADC7003AA60C /* NAVRouteTest.m */,
				FBDDB51A197475260051D149 /* NAVRouteBuilderTests.m */,
				109DE5DF1979FFDD003AA60C /* NAVURLTests.m */,
				109DE5DD1979F73F003AA60C /* NAVURLParserTests.m */,
				FBDDB515197475260051D149 /* Supporting Files */,
			);
			path = Tests;
			sourceTree = "<group>";
		};
		FBDDB515197475260051D149 /* Supporting Files */ = {
			isa = PBXGroup;
			children = (
				FBDDB516197475260051D149 /* Tests-Info.plist */,
				FBDDB517197475260051D149 /* InfoPlist.strings */,
				109DE5C81974A710003AA60C /* Tests-Prefix.pch */,
			);
			name = "Supporting Files";
			sourceTree = "<group>";
		};
		FBDDB5261974756F0051D149 /* Demo */ = {
			isa = PBXGroup;
			children = (
				FBDDB524197475510051D149 /* NAVDemoStoryboard.storyboard */,
				FBDDB504197475260051D149 /* NAVDemoAppDelegate.h */,
				FBDDB505197475260051D149 /* NAVDemoAppDelegate.m */,
				FB7E24B1197D92CE00D63A7E /* NAVDemoNavigationController.h */,
				FB7E24B2197D92CE00D63A7E /* NAVDemoNavigationController.m */,
				FB7E24B7197D9A1D00D63A7E /* NAVRouterStoryboardFactory.h */,
				FB7E24B8197D9A1D00D63A7E /* NAVRouterStoryboardFactory.m */,
				FBDDB501197475260051D149 /* main.m */,
				FBDDB4FD197475260051D149 /* NavigationRouter-Info.plist */,
			);
			name = Demo;
			path = ../Demo;
			sourceTree = "<group>";
		};
/* End PBXGroup section */

/* Begin PBXNativeTarget section */
		FBDDB4F1197475260051D149 /* NavigationRouter */ = {
			isa = PBXNativeTarget;
			buildConfigurationList = FBDDB51E197475260051D149 /* Build configuration list for PBXNativeTarget "NavigationRouter" */;
			buildPhases = (
				5307B8CA6E804ED5982E6BBD /* Check Pods Manifest.lock */,
				FBDDB4EE197475260051D149 /* Sources */,
				FBDDB4EF197475260051D149 /* Frameworks */,
				FBDDB4F0197475260051D149 /* Resources */,
				6FC25331DAEA40C78833E02B /* Copy Pods Resources */,
			);
			buildRules = (
			);
			dependencies = (
			);
			name = NavigationRouter;
			productName = NavigationRouter;
			productReference = FBDDB4F2197475260051D149 /* NavigationRouter.app */;
			productType = "com.apple.product-type.application";
		};
		FBDDB50C197475260051D149 /* Tests */ = {
			isa = PBXNativeTarget;
			buildConfigurationList = FBDDB521197475260051D149 /* Build configuration list for PBXNativeTarget "Tests" */;
			buildPhases = (
				55F822DC612C4BBDBC464654 /* Check Pods Manifest.lock */,
				FBDDB509197475260051D149 /* Sources */,
				FBDDB50A197475260051D149 /* Frameworks */,
				FBDDB50B197475260051D149 /* Resources */,
				982D929BC7854B6E9B8DDDB4 /* Copy Pods Resources */,
			);
			buildRules = (
			);
			dependencies = (
				FBDDB513197475260051D149 /* PBXTargetDependency */,
			);
			name = Tests;
			productName = NavigationRouterTests;
			productReference = FBDDB50D197475260051D149 /* Tests.xctest */;
			productType = "com.apple.product-type.bundle.unit-test";
		};
/* End PBXNativeTarget section */

/* Begin PBXProject section */
		FBDDB4EA197475260051D149 /* Project object */ = {
			isa = PBXProject;
			attributes = {
				CLASSPREFIX = NAV;
				LastUpgradeCheck = 0510;
				ORGANIZATIONNAME = "";
				TargetAttributes = {
					FBDDB50C197475260051D149 = {
						TestTargetID = FBDDB4F1197475260051D149;
					};
				};
			};
			buildConfigurationList = FBDDB4ED197475260051D149 /* Build configuration list for PBXProject "NavigationRouter" */;
			compatibilityVersion = "Xcode 3.2";
			developmentRegion = English;
			hasScannedForEncodings = 0;
			knownRegions = (
				en,
			);
			mainGroup = FBDDB4E9197475260051D149;
			productRefGroup = FBDDB4F3197475260051D149 /* Products */;
			projectDirPath = "";
			projectRoot = "";
			targets = (
				FBDDB4F1197475260051D149 /* NavigationRouter */,
				FBDDB50C197475260051D149 /* Tests */,
			);
		};
/* End PBXProject section */

/* Begin PBXResourcesBuildPhase section */
		FBDDB4F0197475260051D149 /* Resources */ = {
			isa = PBXResourcesBuildPhase;
			buildActionMask = 2147483647;
			files = (
				FB7E25BE197EEB5100D63A7E /* YOLO.ph in Resources */,
				FB7E258B197EEB5100D63A7E /* LICENSE in Resources */,
				FBDDB525197475510051D149 /* NAVDemoStoryboard.storyboard in Resources */,
				FB7E25BC197EEB5100D63A7E /* README.markdown in Resources */,
			);
			runOnlyForDeploymentPostprocessing = 0;
		};
		FBDDB50B197475260051D149 /* Resources */ = {
			isa = PBXResourcesBuildPhase;
			buildActionMask = 2147483647;
			files = (
				FBDDB519197475260051D149 /* InfoPlist.strings in Resources */,
			);
			runOnlyForDeploymentPostprocessing = 0;
		};
/* End PBXResourcesBuildPhase section */

/* Begin PBXShellScriptBuildPhase section */
		5307B8CA6E804ED5982E6BBD /* Check Pods Manifest.lock */ = {
			isa = PBXShellScriptBuildPhase;
			buildActionMask = 2147483647;
			files = (
			);
			inputPaths = (
			);
			name = "Check Pods Manifest.lock";
			outputPaths = (
			);
			runOnlyForDeploymentPostprocessing = 0;
			shellPath = /bin/sh;
			shellScript = "diff \"${PODS_ROOT}/../Podfile.lock\" \"${PODS_ROOT}/Manifest.lock\" > /dev/null\nif [[ $? != 0 ]] ; then\n    cat << EOM\nerror: The sandbox is not in sync with the Podfile.lock. Run 'pod install' or update your CocoaPods installation.\nEOM\n    exit 1\nfi\n";
			showEnvVarsInLog = 0;
		};
		55F822DC612C4BBDBC464654 /* Check Pods Manifest.lock */ = {
			isa = PBXShellScriptBuildPhase;
			buildActionMask = 2147483647;
			files = (
			);
			inputPaths = (
			);
			name = "Check Pods Manifest.lock";
			outputPaths = (
			);
			runOnlyForDeploymentPostprocessing = 0;
			shellPath = /bin/sh;
			shellScript = "diff \"${PODS_ROOT}/../Podfile.lock\" \"${PODS_ROOT}/Manifest.lock\" > /dev/null\nif [[ $? != 0 ]] ; then\n    cat << EOM\nerror: The sandbox is not in sync with the Podfile.lock. Run 'pod install' or update your CocoaPods installation.\nEOM\n    exit 1\nfi\n";
			showEnvVarsInLog = 0;
		};
		6FC25331DAEA40C78833E02B /* Copy Pods Resources */ = {
			isa = PBXShellScriptBuildPhase;
			buildActionMask = 2147483647;
			files = (
			);
			inputPaths = (
			);
			name = "Copy Pods Resources";
			outputPaths = (
			);
			runOnlyForDeploymentPostprocessing = 0;
			shellPath = /bin/sh;
			shellScript = "\"${SRCROOT}/Pods/Pods-resources.sh\"\n";
			showEnvVarsInLog = 0;
		};
		982D929BC7854B6E9B8DDDB4 /* Copy Pods Resources */ = {
			isa = PBXShellScriptBuildPhase;
			buildActionMask = 2147483647;
			files = (
			);
			inputPaths = (
			);
			name = "Copy Pods Resources";
			outputPaths = (
			);
			runOnlyForDeploymentPostprocessing = 0;
			shellPath = /bin/sh;
			shellScript = "\"${SRCROOT}/Pods/Pods-Tests-resources.sh\"\n";
			showEnvVarsInLog = 0;
		};
/* End PBXShellScriptBuildPhase section */

/* Begin PBXSourcesBuildPhase section */
		FBDDB4EE197475260051D149 /* Sources */ = {
			isa = PBXSourcesBuildPhase;
			buildActionMask = 2147483647;
			files = (
				FB7E24B3197D92CE00D63A7E /* NAVDemoNavigationController.m in Sources */,
				FB7E25B4197EEB5100D63A7E /* NSDictionary+pick.m in Sources */,
				FBDDB506197475260051D149 /* NAVDemoAppDelegate.m in Sources */,
				109DE5D21974B8CA003AA60C /* NAVAttributes.m in Sources */,
				FB7E2599197EEB5100D63A7E /* NSArray+inject.m in Sources */,
				FB7E25A8197EEB5100D63A7E /* NSArray+shuffle.m in Sources */,
				FB7E25A1197EEB5100D63A7E /* NSArray+pluck.m in Sources */,
				FB7E258D197EEB5100D63A7E /* NSArray+any.m in Sources */,
				109DE5F3197C8AC0003AA60C /* NAVURLElement.m in Sources */,
				FB7E25B2197EEB5100D63A7E /* NSDictionary+get.m in Sources */,
				FB7E25BA197EEB5100D63A7E /* NSSet+each.m in Sources */,
				FB7E2591197EEB5100D63A7E /* NSArray+each.m in Sources */,
				109DE5F9197E3232003AA60C /* NAVAnimatorModal.m in Sources */,
				FB7E25B3197EEB5100D63A7E /* NSDictionary+map.m in Sources */,
				FB7E25B6197EEB5100D63A7E /* NSMutableArray+push.m in Sources */,
				FB7E2592197EEB5100D63A7E /* NSArray+find.m in Sources */,
				FB7E25AC197EEB5100D63A7E /* NSArray+sort.m in Sources */,
				FB7E258F197EEB5100D63A7E /* NSArray+concat.m in Sources */,
				FB7E25BB197EEB5100D63A7E /* NSString+split.m in Sources */,
				FB7E24BC197DAC6900D63A7E /* NAVAttributesBuilder.m in Sources */,
				FB7E25B8197EEB5100D63A7E /* NSMutableArray+unshift.m in Sources */,
				FB7E25A4197EEB5100D63A7E /* NSArray+reverse.m in Sources */,
				FB7E2590197EEB5100D63A7E /* NSArray+dict.m in Sources */,
				FB7E25B5197EEB5100D63A7E /* NSMutableArray+pop.m in Sources */,
				FB7E258C197EEB5100D63A7E /* NSArray+all.m in Sources */,
				FB7E2594197EEB5100D63A7E /* NSArray+flatMap.m in Sources */,
				FB7E259F197EEB5100D63A7E /* NSArray+none.m in Sources */,
				FB7E25AA197EEB5100D63A7E /* NSArray+slice.m in Sources */,
				FB7E258E197EEB5100D63A7E /* NSArray+chunk.m in Sources */,
				109DE5DB1979E689003AA60C /* NAVURLParser.m in Sources */,
				FB7E259B197EEB5100D63A7E /* NSArray+last.m in Sources */,
				FB7E2598197EEB5100D63A7E /* NSArray+indexOf.m in Sources */,
				109DE5D51974BACB003AA60C /* NSError+NAVRouter.m in Sources */,
				FB7E25AB197EEB5100D63A7E /* NSArray+snip.m in Sources */,
				FB7E25B1197EEB5100D63A7E /* NSDictionary+extend.m in Sources */,
				FB7E25B7197EEB5100D63A7E /* NSMutableArray+shift.m in Sources */,
				FB7E25A6197EEB5100D63A7E /* NSArray+sample.m in Sources */,
				109DE5F6197E2B90003AA60C /* NSURL+NAVRouter.m in Sources */,
				109DE5EA197C2AD9003AA60C /* NAVURLTransitionComponents.m in Sources */,
				109DE5E7197A1717003AA60C /* YOLT.m in Sources */,
				FB7E24AA197D6CE800D63A7E /* NAVUpdateStack.m in Sources */,
				FB7E25B9197EEB5100D63A7E /* NSNumber+upTo.m in Sources */,
				FB7E259A197EEB5100D63A7E /* NSArray+join.m in Sources */,
				FB7E249E197995A000D63A7E /* NAVURLComponent.m in Sources */,
				FB7E25AF197EEB5100D63A7E /* NSArray+without.m in Sources */,
				FB7E2597197EEB5100D63A7E /* NSArray+has.m in Sources */,
				FB7E25B0197EEB5100D63A7E /* NSDictionary+array.m in Sources */,
				FB7E25A7197EEB5100D63A7E /* NSArray+select.m in Sources */,
				FB7E24B6197D96D800D63A7E /* NAVRouterNavigationControllerUpdater.m in Sources */,
				FB7E25AD197EEB5100D63A7E /* NSArray+transpose.m in Sources */,
				FBDDB502197475260051D149 /* main.m in Sources */,
				FB7E24AD197D6CF400D63A7E /* NAVUpdateAnimation.m in Sources */,
				FB7E259C197EEB5100D63A7E /* NSArray+map.m in Sources */,
				FB7E25AE197EEB5100D63A7E /* NSArray+uniq.m in Sources */,
				FB7E25A3197EEB5100D63A7E /* NSArray+reduce.m in Sources */,
				FB7E25BD197EEB5100D63A7E /* YOLO.m in Sources */,
				FB7E248A19786B6600D63A7E /* NAVAnimator.m in Sources */,
				FB7E24B0197D6ED800D63A7E /* NAVUpdateBuilder.m in Sources */,
				FBDDB551197477060051D149 /* NAVRouter.m in Sources */,
				FB7E259D197EEB5100D63A7E /* NSArray+max.m in Sources */,
				FBDDB55F19747FA20051D149 /* NAVRoute.m in Sources */,
				FB7E2593197EEB5100D63A7E /* NSArray+first.m in Sources */,
				FB7E25A2197EEB5100D63A7E /* NSArray+pmap.m in Sources */,
				FBDDB562197481080051D149 /* NAVRouteBuilder.m in Sources */,
				FB7E24961978776E00D63A7E /* NAVURLParameter.m in Sources */,
				FB7E24B9197D9A1D00D63A7E /* NAVRouterStoryboardFactory.m in Sources */,
				FB7E259E197EEB5100D63A7E /* NSArray+min.m in Sources */,
				FB7E24861978697B00D63A7E /* NAVUpdate.m in Sources */,
				FB7E25A0197EEB5100D63A7E /* NSArray+partition.m in Sources */,
				FB7E2595197EEB5100D63A7E /* NSArray+flatten.m in Sources */,
				FB7E25A9197EEB5100D63A7E /* NSArray+skip.m in Sources */,
				FB7E2596197EEB5100D63A7E /* NSArray+groupBy.m in Sources */,
				FB7E25A5197EEB5100D63A7E /* NSArray+rotate.m in Sources */,
				FB7E24801975D0BC00D63A7E /* NAVTransaction.m in Sources */,
				FB7E249B1979932E00D63A7E /* NAVURL.m in Sources */,
			);
			runOnlyForDeploymentPostprocessing = 0;
		};
		FBDDB509197475260051D149 /* Sources */ = {
			isa = PBXSourcesBuildPhase;
			buildActionMask = 2147483647;
			files = (
				FBDDB51B197475260051D149 /* NAVRouteBuilderTests.m in Sources */,
				109DE5CA1974ADC7003AA60C /* NAVRouteTest.m in Sources */,
				109DE5E01979FFDD003AA60C /* NAVURLTests.m in Sources */,
				109DE5E3197A1053003AA60C /* NAVTest.m in Sources */,
				109DE5DE1979F73F003AA60C /* NAVURLParserTests.m in Sources */,
				109DE5CC1974B1A4003AA60C /* NAVRouterTests.m in Sources */,
			);
			runOnlyForDeploymentPostprocessing = 0;
		};
/* End PBXSourcesBuildPhase section */

/* Begin PBXTargetDependency section */
		FBDDB513197475260051D149 /* PBXTargetDependency */ = {
			isa = PBXTargetDependency;
			target = FBDDB4F1197475260051D149 /* NavigationRouter */;
			targetProxy = FBDDB512197475260051D149 /* PBXContainerItemProxy */;
		};
/* End PBXTargetDependency section */

/* Begin PBXVariantGroup section */
		FBDDB517197475260051D149 /* InfoPlist.strings */ = {
			isa = PBXVariantGroup;
			children = (
				FBDDB518197475260051D149 /* en */,
			);
			name = InfoPlist.strings;
			sourceTree = "<group>";
		};
/* End PBXVariantGroup section */

/* Begin XCBuildConfiguration section */
		FBDDB51C197475260051D149 /* Debug */ = {
			isa = XCBuildConfiguration;
			buildSettings = {
				ALWAYS_SEARCH_USER_PATHS = NO;
				CLANG_CXX_LANGUAGE_STANDARD = "gnu++0x";
				CLANG_CXX_LIBRARY = "libc++";
				CLANG_ENABLE_MODULES = YES;
				CLANG_ENABLE_OBJC_ARC = YES;
				CLANG_WARN_BOOL_CONVERSION = YES;
				CLANG_WARN_CONSTANT_CONVERSION = YES;
				CLANG_WARN_DIRECT_OBJC_ISA_USAGE = YES_ERROR;
				CLANG_WARN_EMPTY_BODY = YES;
				CLANG_WARN_ENUM_CONVERSION = YES;
				CLANG_WARN_INT_CONVERSION = YES;
				CLANG_WARN_OBJC_ROOT_CLASS = YES_ERROR;
				CLANG_WARN__DUPLICATE_METHOD_MATCH = YES;
				"CODE_SIGN_IDENTITY[sdk=iphoneos*]" = "iPhone Developer";
				COPY_PHASE_STRIP = NO;
				GCC_C_LANGUAGE_STANDARD = gnu99;
				GCC_DYNAMIC_NO_PIC = NO;
				GCC_OPTIMIZATION_LEVEL = 0;
				GCC_PREPROCESSOR_DEFINITIONS = (
					"DEBUG=1",
					"$(inherited)",
				);
				GCC_SYMBOLS_PRIVATE_EXTERN = NO;
				GCC_WARN_64_TO_32_BIT_CONVERSION = YES;
				GCC_WARN_ABOUT_RETURN_TYPE = YES_ERROR;
				GCC_WARN_UNDECLARED_SELECTOR = YES;
				GCC_WARN_UNINITIALIZED_AUTOS = YES_AGGRESSIVE;
				GCC_WARN_UNUSED_FUNCTION = YES;
				GCC_WARN_UNUSED_VARIABLE = YES;
				IPHONEOS_DEPLOYMENT_TARGET = 7.1;
				ONLY_ACTIVE_ARCH = YES;
				SDKROOT = iphoneos;
				TARGETED_DEVICE_FAMILY = "1,2";
			};
			name = Debug;
		};
		FBDDB51D197475260051D149 /* Release */ = {
			isa = XCBuildConfiguration;
			buildSettings = {
				ALWAYS_SEARCH_USER_PATHS = NO;
				CLANG_CXX_LANGUAGE_STANDARD = "gnu++0x";
				CLANG_CXX_LIBRARY = "libc++";
				CLANG_ENABLE_MODULES = YES;
				CLANG_ENABLE_OBJC_ARC = YES;
				CLANG_WARN_BOOL_CONVERSION = YES;
				CLANG_WARN_CONSTANT_CONVERSION = YES;
				CLANG_WARN_DIRECT_OBJC_ISA_USAGE = YES_ERROR;
				CLANG_WARN_EMPTY_BODY = YES;
				CLANG_WARN_ENUM_CONVERSION = YES;
				CLANG_WARN_INT_CONVERSION = YES;
				CLANG_WARN_OBJC_ROOT_CLASS = YES_ERROR;
				CLANG_WARN__DUPLICATE_METHOD_MATCH = YES;
				"CODE_SIGN_IDENTITY[sdk=iphoneos*]" = "iPhone Developer";
				COPY_PHASE_STRIP = YES;
				ENABLE_NS_ASSERTIONS = NO;
				GCC_C_LANGUAGE_STANDARD = gnu99;
				GCC_WARN_64_TO_32_BIT_CONVERSION = YES;
				GCC_WARN_ABOUT_RETURN_TYPE = YES_ERROR;
				GCC_WARN_UNDECLARED_SELECTOR = YES;
				GCC_WARN_UNINITIALIZED_AUTOS = YES_AGGRESSIVE;
				GCC_WARN_UNUSED_FUNCTION = YES;
				GCC_WARN_UNUSED_VARIABLE = YES;
				IPHONEOS_DEPLOYMENT_TARGET = 7.1;
				SDKROOT = iphoneos;
				TARGETED_DEVICE_FAMILY = "1,2";
				VALIDATE_PRODUCT = YES;
			};
			name = Release;
		};
		FBDDB51F197475260051D149 /* Debug */ = {
			isa = XCBuildConfiguration;
			baseConfigurationReference = 25EA2A44DC78408AA14C9D79 /* Pods.xcconfig */;
			buildSettings = {
				ASSETCATALOG_COMPILER_APPICON_NAME = AppIcon;
				ASSETCATALOG_COMPILER_LAUNCHIMAGE_NAME = LaunchImage;
				GCC_PRECOMPILE_PREFIX_HEADER = YES;
				GCC_PREFIX_HEADER = "";
				INFOPLIST_FILE = "Demo/NavigationRouter-Info.plist";
				PRODUCT_NAME = "$(TARGET_NAME)";
				WRAPPER_EXTENSION = app;
			};
			name = Debug;
		};
		FBDDB520197475260051D149 /* Release */ = {
			isa = XCBuildConfiguration;
			baseConfigurationReference = 25EA2A44DC78408AA14C9D79 /* Pods.xcconfig */;
			buildSettings = {
				ASSETCATALOG_COMPILER_APPICON_NAME = AppIcon;
				ASSETCATALOG_COMPILER_LAUNCHIMAGE_NAME = LaunchImage;
				GCC_PRECOMPILE_PREFIX_HEADER = YES;
				GCC_PREFIX_HEADER = "";
				INFOPLIST_FILE = "Demo/NavigationRouter-Info.plist";
				PRODUCT_NAME = "$(TARGET_NAME)";
				WRAPPER_EXTENSION = app;
			};
			name = Release;
		};
		FBDDB522197475260051D149 /* Debug */ = {
			isa = XCBuildConfiguration;
			baseConfigurationReference = AB5AB71A3B074CA78EA6F54C /* Pods-Tests.xcconfig */;
			buildSettings = {
				BUNDLE_LOADER = "$(BUILT_PRODUCTS_DIR)/NavigationRouter.app/NavigationRouter";
				FRAMEWORK_SEARCH_PATHS = (
					"$(SDKROOT)/Developer/Library/Frameworks",
					"$(inherited)",
					"$(DEVELOPER_FRAMEWORKS_DIR)",
				);
				GCC_PRECOMPILE_PREFIX_HEADER = YES;
				GCC_PREFIX_HEADER = "Tests/Tests-Prefix.pch";
				GCC_PREPROCESSOR_DEFINITIONS = (
					"DEBUG=1",
					"$(inherited)",
				);
				INFOPLIST_FILE = "Tests/Tests-Info.plist";
				PRODUCT_NAME = "$(TARGET_NAME)";
				TEST_HOST = "$(BUNDLE_LOADER)";
				WRAPPER_EXTENSION = xctest;
			};
			name = Debug;
		};
		FBDDB523197475260051D149 /* Release */ = {
			isa = XCBuildConfiguration;
			baseConfigurationReference = AB5AB71A3B074CA78EA6F54C /* Pods-Tests.xcconfig */;
			buildSettings = {
				BUNDLE_LOADER = "$(BUILT_PRODUCTS_DIR)/NavigationRouter.app/NavigationRouter";
				FRAMEWORK_SEARCH_PATHS = (
					"$(SDKROOT)/Developer/Library/Frameworks",
					"$(inherited)",
					"$(DEVELOPER_FRAMEWORKS_DIR)",
				);
				GCC_PRECOMPILE_PREFIX_HEADER = YES;
				GCC_PREFIX_HEADER = "Tests/Tests-Prefix.pch";
				INFOPLIST_FILE = "Tests/Tests-Info.plist";
				PRODUCT_NAME = "$(TARGET_NAME)";
				TEST_HOST = "$(BUNDLE_LOADER)";
				WRAPPER_EXTENSION = xctest;
			};
			name = Release;
		};
/* End XCBuildConfiguration section */

/* Begin XCConfigurationList section */
		FBDDB4ED197475260051D149 /* Build configuration list for PBXProject "NavigationRouter" */ = {
			isa = XCConfigurationList;
			buildConfigurations = (
				FBDDB51C197475260051D149 /* Debug */,
				FBDDB51D197475260051D149 /* Release */,
			);
			defaultConfigurationIsVisible = 0;
			defaultConfigurationName = Release;
		};
		FBDDB51E197475260051D149 /* Build configuration list for PBXNativeTarget "NavigationRouter" */ = {
			isa = XCConfigurationList;
			buildConfigurations = (
				FBDDB51F197475260051D149 /* Debug */,
				FBDDB520197475260051D149 /* Release */,
			);
			defaultConfigurationIsVisible = 0;
			defaultConfigurationName = Release;
		};
		FBDDB521197475260051D149 /* Build configuration list for PBXNativeTarget "Tests" */ = {
			isa = XCConfigurationList;
			buildConfigurations = (
				FBDDB522197475260051D149 /* Debug */,
				FBDDB523197475260051D149 /* Release */,
			);
			defaultConfigurationIsVisible = 0;
			defaultConfigurationName = Release;
		};
/* End XCConfigurationList section */
	};
	rootObject = FBDDB4EA197475260051D149 /* Project object */;
}
