PODS:
  - Expecta (0.3.1)
  - Specta (0.3.0.beta1)
  - YOLOKit (11):
    - YOLOKit/all (= 11)
    - YOLOKit/any (= 11)
    - YOLOKit/array (= 11)
    - YOLOKit/base (= 11)
    - YOLOKit/chunk (= 11)
    - YOLOKit/concat (= 11)
    - YOLOKit/dict (= 11)
    - YOLOKit/each (= 11)
    - YOLOKit/extend (= 11)
    - YOLOKit/find (= 11)
    - YOLOKit/first (= 11)
    - YOLOKit/flatMap (= 11)
    - YOLOKit/flatten (= 11)
    - YOLOKit/get (= 11)
    - YOLOKit/groupBy (= 11)
    - YOLOKit/has (= 11)
    - YOLOKit/indexOf (= 11)
    - YOLOKit/inject (= 11)
    - YOLOKit/join (= 11)
    - YOLOKit/last (= 11)
    - YOLOKit/map (= 11)
    - YOLOKit/max (= 11)
    - YOLOKit/min (= 11)
    - YOLOKit/none (= 11)
    - YOLOKit/partition (= 11)
    - YOLOKit/pick (= 11)
    - YOLOKit/pluck (= 11)
    - YOLOKit/pmap (= 11)
    - YOLOKit/pop (= 11)
    - YOLOKit/push (= 11)
    - YOLOKit/reduce (= 11)
    - YOLOKit/reverse (= 11)
    - YOLOKit/rotate (= 11)
    - YOLOKit/sample (= 11)
    - YOLOKit/select (= 11)
    - YOLOKit/shift (= 11)
    - YOLOKit/shuffle (= 11)
    - YOLOKit/skip (= 11)
    - YOLOKit/slice (= 11)
    - YOLOKit/snip (= 11)
    - YOLOKit/sort (= 11)
    - YOLOKit/split (= 11)
    - YOLOKit/transpose (= 11)
    - YOLOKit/uniq (= 11)
    - YOLOKit/unshift (= 11)
    - YOLOKit/upTo (= 11)
    - YOLOKit/without (= 11)
  - YOLOKit/all (11):
    - YOLOKit/base
  - YOLOKit/any (11):
    - YOLOKit/base
  - YOLOKit/array (11):
    - YOLOKit/base
  - YOLOKit/base (11)
  - YOLOKit/chunk (11):
    - YOLOKit/base
    - YOLOKit/slice
  - YOLOKit/concat (11):
    - YOLOKit/base
  - YOLOKit/dict (11):
    - YOLOKit/base
    - YOLOKit/transpose
  - YOLOKit/each (11):
    - YOLOKit/base
  - YOLOKit/extend (11):
    - YOLOKit/base
  - YOLOKit/find (11):
    - YOLOKit/base
  - YOLOKit/first (11):
    - YOLOKit/base
    - YOLOKit/slice
  - YOLOKit/flatMap (11):
    - YOLOKit/base
  - YOLOKit/flatten (11):
    - YOLOKit/base
  - YOLOKit/get (11):
    - YOLOKit/base
  - YOLOKit/groupBy (11):
    - YOLOKit/base
  - YOLOKit/has (11):
    - YOLOKit/base
  - YOLOKit/indexOf (11):
    - YOLOKit/base
  - YOLOKit/inject (11):
    - YOLOKit/base
  - YOLOKit/join (11):
    - YOLOKit/base
    - YOLOKit/pluck
  - YOLOKit/last (11):
    - YOLOKit/base
    - YOLOKit/slice
  - YOLOKit/map (11):
    - YOLOKit/base
  - YOLOKit/max (11):
    - YOLOKit/base
  - YOLOKit/min (11):
    - YOLOKit/base
  - YOLOKit/none (11):
    - YOLOKit/base
  - YOLOKit/partition (11):
    - YOLOKit/base
  - YOLOKit/pick (11):
    - YOLOKit/base
  - YOLOKit/pluck (11):
    - YOLOKit/base
  - YOLOKit/pmap (11):
    - YOLOKit/base
  - YOLOKit/pop (11):
    - YOLOKit/base
  - YOLOKit/push (11):
    - YOLOKit/base
  - YOLOKit/reduce (11):
    - YOLOKit/base
    - YOLOKit/last
  - YOLOKit/reverse (11):
    - YOLOKit/base
  - YOLOKit/rotate (11):
    - YOLOKit/base
    - YOLOKit/concat
    - YOLOKit/skip
    - YOLOKit/snip
  - YOLOKit/sample (11):
    - YOLOKit/base
  - YOLOKit/select (11):
    - YOLOKit/base
  - YOLOKit/shift (11):
    - YOLOKit/base
  - YOLOKit/shuffle (11):
    - YOLOKit/base
  - YOLOKit/skip (11):
    - YOLOKit/base
    - YOLOKit/last
  - YOLOKit/slice (11):
    - YOLOKit/base
  - YOLOKit/snip (11):
    - YOLOKit/base
    - YOLOKit/slice
  - YOLOKit/sort (11):
    - YOLOKit/all
    - YOLOKit/base
    - YOLOKit/transpose
  - YOLOKit/split (11):
    - YOLOKit/base
  - YOLOKit/transpose (11):
    - YOLOKit/base
    - YOLOKit/each
    - YOLOKit/max
    - YOLOKit/select
  - YOLOKit/uniq (11):
    - YOLOKit/base
  - YOLOKit/unshift (11):
    - YOLOKit/base
  - YOLOKit/upTo (11):
    - YOLOKit/base
  - YOLOKit/without (11):
    - YOLOKit/base

DEPENDENCIES:
  - Expecta (~> 0.3)
  - Specta (from `https://github.com/specta/specta.git`, tag `v0.3.0.beta1`)
  - YOLOKit (~> 11)

EXTERNAL SOURCES:
  Specta:
    :git: https://github.com/specta/specta.git
    :tag: v0.3.0.beta1

CHECKOUT OPTIONS:
  Specta:
    :git: https://github.com/specta/specta.git
    :tag: v0.3.0.beta1

SPEC CHECKSUMS:
  Expecta: 03aabd0a89d8dea843baecb19a7fd7466a69a31d
  Specta: 63e8ac8e07db6675c7096d37f77a266a1be4c02d
  YOLOKit: e83d381f83f33f2b66abf6fe0249fca57b05a541

COCOAPODS: 0.35.0
